
Microsoft Visual Studio Solution File, Format Version 12.00
# Visual Studio 15
VisualStudioVersion = 15.0.27130.2027
MinimumVisualStudioVersion = 10.0.40219.1
Project("{FAE04EC0-301F-11D3-BF4B-00C04F79EFBC}") = "WindowsFormsApp1", "WindowsFormsApp1\WindowsFormsApp1.csproj", "{67A903BD-DD59-4299-8D72-CED35A0D8B37}"
EndProject
Global
	GlobalSection(SolutionConfigurationPlatforms) = preSolution
		Debug|Any CPU = Debug|Any CPU
		Release|Any CPU = Release|Any CPU
	EndGlobalSection
	GlobalSection(ProjectConfigurationPlatforms) = postSolution
		{67A903BD-DD59-4299-8D72-CED35A0D8B37}.Debug|Any CPU.ActiveCfg = Debug|Any CPU
		{67A903BD-DD59-4299-8D72-CED35A0D8B37}.Debug|Any CPU.Build.0 = Debug|Any CPU
		{67A903BD-DD59-4299-8D72-CED35A0D8B37}.Release|Any CPU.ActiveCfg = Release|Any CPU
		{67A903BD-DD59-4299-8D72-CED35A0D8B37}.Release|Any CPU.Build.0 = Release|Any CPU
	EndGlobalSection
	GlobalSection(SolutionProperties) = preSolution
		HideSolutionNode = FALSE
	EndGlobalSection
	GlobalSection(ExtensibilityGlobals) = postSolution
		SolutionGuid = {8825F5B8-5AB6-40A5-A80A-215EE03028D0}
	EndGlobalSection
EndGlobal
